
Microsoft Visual Studio Solution File, Format Version 12.00
# Visual Studio 2013
VisualStudioVersion = 12.0.21005.1
MinimumVisualStudioVersion = 10.0.40219.1
Project("{F184B08F-C81C-45F6-A57F-5ABD9991F28F}") = "WindowsApplication1", "WindowsApplication1\WindowsApplication1.vbproj", "{659EB351-1F8F-4D19-A1FB-F0E3DD9A96DD}"
EndProject
Global
	GlobalSection(SolutionConfigurationPlatforms) = preSolution
		Debug|Any CPU = Debug|Any CPU
		Release|Any CPU = Release|Any CPU
	EndGlobalSection
	GlobalSection(ProjectConfigurationPlatforms) = postSolution
		{659EB351-1F8F-4D19-A1FB-F0E3DD9A96DD}.Debug|Any CPU.ActiveCfg = Debug|Any CPU
		{659EB351-1F8F-4D19-A1FB-F0E3DD9A96DD}.Debug|Any CPU.Build.0 = Debug|Any CPU
		{659EB351-1F8F-4D19-A1FB-F0E3DD9A96DD}.Release|Any CPU.ActiveCfg = Release|Any CPU
		{659EB351-1F8F-4D19-A1FB-F0E3DD9A96DD}.Release|Any CPU.Build.0 = Release|Any CPU
	EndGlobalSection
	GlobalSection(SolutionProperties) = preSolution
		HideSolutionNode = FALSE
	EndGlobalSection
EndGlobal
